
Microsoft Visual Studio Solution File, Format Version 12.00
# Visual Studio Version 17
VisualStudioVersion = 17.6.33723.286
MinimumVisualStudioVersion = 10.0.40219.1
Project("{FAE04EC0-301F-11D3-BF4B-00C04F79EFBC}") = "EasyCashIdentity.EntityLayer", "EasyCashIdentity.EntityLayer\EasyCashIdentity.EntityLayer.csproj", "{757EDA86-DB1B-4F74-B053-3BA303927155}"
EndProject
Project("{FAE04EC0-301F-11D3-BF4B-00C04F79EFBC}") = "EasyCashIdentity.DataAccessLayer", "EasyCashIdentity.DataAccessLayer\EasyCashIdentity.DataAccessLayer.csproj", "{D7393D13-0DEF-4763-99FD-866C743EFE19}"
EndProject
Project("{FAE04EC0-301F-11D3-BF4B-00C04F79EFBC}") = "EasyCashIdentity.BusinessLayer", "EasyCashIdentity.BusinessLayer\EasyCashIdentity.BusinessLayer.csproj", "{F73212FE-7A4B-44B1-922C-089E2DDB08FB}"
EndProject
Project("{FAE04EC0-301F-11D3-BF4B-00C04F79EFBC}") = "EasyCashIdentity.DTOLayer", "EasyCashIdentity.DTOLayer\EasyCashIdentity.DTOLayer.csproj", "{9A0289DE-1B5E-4A49-855A-3930BB1BEBEA}"
EndProject
Project("{FAE04EC0-301F-11D3-BF4B-00C04F79EFBC}") = "EasyCashIdentity.PresentationLayer", "EasyCashIdentity.PresentationLayer\EasyCashIdentity.PresentationLayer.csproj", "{C05E3252-0834-41BF-98F8-4B65643146BC}"
EndProject
Global
	GlobalSection(SolutionConfigurationPlatforms) = preSolution
		Debug|Any CPU = Debug|Any CPU
		Release|Any CPU = Release|Any CPU
	EndGlobalSection
	GlobalSection(ProjectConfigurationPlatforms) = postSolution
		{757EDA86-DB1B-4F74-B053-3BA303927155}.Debug|Any CPU.ActiveCfg = Debug|Any CPU
		{757EDA86-DB1B-4F74-B053-3BA303927155}.Debug|Any CPU.Build.0 = Debug|Any CPU
		{757EDA86-DB1B-4F74-B053-3BA303927155}.Release|Any CPU.ActiveCfg = Release|Any CPU
		{757EDA86-DB1B-4F74-B053-3BA303927155}.Release|Any CPU.Build.0 = Release|Any CPU
		{D7393D13-0DEF-4763-99FD-866C743EFE19}.Debug|Any CPU.ActiveCfg = Debug|Any CPU
		{D7393D13-0DEF-4763-99FD-866C743EFE19}.Debug|Any CPU.Build.0 = Debug|Any CPU
		{D7393D13-0DEF-4763-99FD-866C743EFE19}.Release|Any CPU.ActiveCfg = Release|Any CPU
		{D7393D13-0DEF-4763-99FD-866C743EFE19}.Release|Any CPU.Build.0 = Release|Any CPU
		{F73212FE-7A4B-44B1-922C-089E2DDB08FB}.Debug|Any CPU.ActiveCfg = Debug|Any CPU
		{F73212FE-7A4B-44B1-922C-089E2DDB08FB}.Debug|Any CPU.Build.0 = Debug|Any CPU
		{F73212FE-7A4B-44B1-922C-089E2DDB08FB}.Release|Any CPU.ActiveCfg = Release|Any CPU
		{F73212FE-7A4B-44B1-922C-089E2DDB08FB}.Release|Any CPU.Build.0 = Release|Any CPU
		{9A0289DE-1B5E-4A49-855A-3930BB1BEBEA}.Debug|Any CPU.ActiveCfg = Debug|Any CPU
		{9A0289DE-1B5E-4A49-855A-3930BB1BEBEA}.Debug|Any CPU.Build.0 = Debug|Any CPU
		{9A0289DE-1B5E-4A49-855A-3930BB1BEBEA}.Release|Any CPU.ActiveCfg = Release|Any CPU
		{9A0289DE-1B5E-4A49-855A-3930BB1BEBEA}.Release|Any CPU.Build.0 = Release|Any CPU
		{C05E3252-0834-41BF-98F8-4B65643146BC}.Debug|Any CPU.ActiveCfg = Debug|Any CPU
		{C05E3252-0834-41BF-98F8-4B65643146BC}.Debug|Any CPU.Build.0 = Debug|Any CPU
		{C05E3252-0834-41BF-98F8-4B65643146BC}.Release|Any CPU.ActiveCfg = Release|Any CPU
		{C05E3252-0834-41BF-98F8-4B65643146BC}.Release|Any CPU.Build.0 = Release|Any CPU
	EndGlobalSection
	GlobalSection(SolutionProperties) = preSolution
		HideSolutionNode = FALSE
	EndGlobalSection
	GlobalSection(ExtensibilityGlobals) = postSolution
		SolutionGuid = {96D25184-187C-4DB2-9EBF-F34D71373D7B}
	EndGlobalSection
EndGlobal
